
Microsoft Visual Studio Solution File, Format Version 12.00
# Visual Studio Version 17
VisualStudioVersion = 17.9.34723.18
MinimumVisualStudioVersion = 10.0.40219.1
Project("{FAE04EC0-301F-11D3-BF4B-00C04F79EFBC}") = "Lab5CS", "Lab5CS\Lab5CS.csproj", "{4EF6418B-75EB-469F-A62D-08E3CBD65085}"
EndProject
Global
	GlobalSection(SolutionConfigurationPlatforms) = preSolution
		Debug|Any CPU = Debug|Any CPU
		Release|Any CPU = Release|Any CPU
	EndGlobalSection
	GlobalSection(ProjectConfigurationPlatforms) = postSolution
		{4EF6418B-75EB-469F-A62D-08E3CBD65085}.Debug|Any CPU.ActiveCfg = Debug|Any CPU
		{4EF6418B-75EB-469F-A62D-08E3CBD65085}.Debug|Any CPU.Build.0 = Debug|Any CPU
		{4EF6418B-75EB-469F-A62D-08E3CBD65085}.Release|Any CPU.ActiveCfg = Release|Any CPU
		{4EF6418B-75EB-469F-A62D-08E3CBD65085}.Release|Any CPU.Build.0 = Release|Any CPU
	EndGlobalSection
	GlobalSection(SolutionProperties) = preSolution
		HideSolutionNode = FALSE
	EndGlobalSection
	GlobalSection(ExtensibilityGlobals) = postSolution
		SolutionGuid = {75EDAA61-045D-44CC-A8EF-DBEF4A8B0D63}
	EndGlobalSection
EndGlobal
